{
  "requires": true,
  "lockfileVersion": 1,
  "dependencies": {
    "@types/heapdump": {
      "version": "0.3.1",
      "resolved": "https://registry.npmjs.org/@types/heapdump/-/heapdump-0.3.1.tgz",
      "integrity": "sha512-1BaXjnso0bPxgG+Ngh1RKXxyjaugFN++xlXZxdRQxQVosIQf7DuJ6PiIRMCQJfL3MJRe02+zp8ApTsza3sCMgg=="
    },
    "heapdump": {
      "version": "0.3.12",
      "resolved": "https://registry.npmjs.org/heapdump/-/heapdump-0.3.12.tgz",
      "integrity": "sha512-OSVdkxGd9xAJNEP0RA/ZvKEzGTEjCnkvmMEGF1ScR/87tH92v5Dpv6g/Fs8GvZA9UxdMpxU1G9NEC2D0OxZjJQ==",
      "requires": {
        "nan": "^2.11.1"
      }
    },
    "nan": {
      "version": "2.12.1",
      "resolved": "https://registry.npmjs.org/nan/-/nan-2.12.1.tgz",
      "integrity": "sha512-JY7V6lRkStKcKTvHO5NVSQRv+RV+FIL5pvDoLiAtSL9pKlC5x9PKQcZDsq7m4FO4d57mkhC6Z+QhAh3Jdk5JFw=="
    }
  }
}
